// !$*UTF8*$!
{
	archiveVersion = 1;
	classes = {
	};
	objectVersion = 50;
	objects = {

/* Begin PBXBuildFile section */
		02E97B5639453A24C3E7C840 /* Pods_FlickerSearchAPI.framework in Frameworks */ = {isa = PBXBuildFile; fileRef = 133B5DBEC4CF4C3A3AF6D755 /* Pods_FlickerSearchAPI.framework */; };
		80DEEB9D20AB96A600A2976B /* AppDelegate.swift in Sources */ = {isa = PBXBuildFile; fileRef = 80DEEB9C20AB96A600A2976B /* AppDelegate.swift */; };
		80DEEB9F20AB96A600A2976B /* ViewController.swift in Sources */ = {isa = PBXBuildFile; fileRef = 80DEEB9E20AB96A600A2976B /* ViewController.swift */; };
		80DEEBA220AB96A600A2976B /* Main.storyboard in Resources */ = {isa = PBXBuildFile; fileRef = 80DEEBA020AB96A600A2976B /* Main.storyboard */; };
		80DEEBA420AB96A700A2976B /* Assets.xcassets in Resources */ = {isa = PBXBuildFile; fileRef = 80DEEBA320AB96A700A2976B /* Assets.xcassets */; };
		80DEEBA720AB96A700A2976B /* LaunchScreen.storyboard in Resources */ = {isa = PBXBuildFile; fileRef = 80DEEBA520AB96A700A2976B /* LaunchScreen.storyboard */; };
		80DEEBC520AC1B6B00A2976B /* UIImageViewX.swift in Sources */ = {isa = PBXBuildFile; fileRef = 80DEEBBB20AC1B6B00A2976B /* UIImageViewX.swift */; };
		80DEEBC620AC1B6B00A2976B /* UIViewX.swift in Sources */ = {isa = PBXBuildFile; fileRef = 80DEEBBC20AC1B6B00A2976B /* UIViewX.swift */; };
		80DEEBCA20AC1D2100A2976B /* FlickrPhoto.swift in Sources */ = {isa = PBXBuildFile; fileRef = 80DEEBC920AC1D2100A2976B /* FlickrPhoto.swift */; };
		80DEEBCC20AC1D5400A2976B /* FlickrSearchResults.swift in Sources */ = {isa = PBXBuildFile; fileRef = 80DEEBCB20AC1D5400A2976B /* FlickrSearchResults.swift */; };
		80DEEBCE20AC1D7500A2976B /* FlickrAPI.swift in Sources */ = {isa = PBXBuildFile; fileRef = 80DEEBCD20AC1D7500A2976B /* FlickrAPI.swift */; };
		80DEEBD020AC1F7300A2976B /* ResulteVC.swift in Sources */ = {isa = PBXBuildFile; fileRef = 80DEEBCF20AC1F7300A2976B /* ResulteVC.swift */; };
		80DEEBD220AC1FA700A2976B /* ImgCell.swift in Sources */ = {isa = PBXBuildFile; fileRef = 80DEEBD120AC1FA700A2976B /* ImgCell.swift */; };
		80DEEBD420AC35D400A2976B /* API.swift in Sources */ = {isa = PBXBuildFile; fileRef = 80DEEBD320AC35D400A2976B /* API.swift */; };
		80DEEBD620AC577500A2976B /* MessageAlert.swift in Sources */ = {isa = PBXBuildFile; fileRef = 80DEEBD520AC577500A2976B /* MessageAlert.swift */; };
/* End PBXBuildFile section */

/* Begin PBXFileReference section */
		133B5DBEC4CF4C3A3AF6D755 /* Pods_FlickerSearchAPI.framework */ = {isa = PBXFileReference; explicitFileType = wrapper.framework; includeInIndex = 0; path = Pods_FlickerSearchAPI.framework; sourceTree = BUILT_PRODUCTS_DIR; };
		463682B4F66E1664E1C59122 /* Pods-FlickerSearchAPI.debug.xcconfig */ = {isa = PBXFileReference; includeInIndex = 1; lastKnownFileType = text.xcconfig; name = "Pods-FlickerSearchAPI.debug.xcconfig"; path = "Pods/Target Support Files/Pods-FlickerSearchAPI/Pods-FlickerSearchAPI.debug.xcconfig"; sourceTree = "<group>"; };
		80DEEB9920AB96A600A2976B /* FlickerSearchAPI.app */ = {isa = PBXFileReference; explicitFileType = wrapper.application; includeInIndex = 0; path = FlickerSearchAPI.app; sourceTree = BUILT_PRODUCTS_DIR; };
		80DEEB9C20AB96A600A2976B /* AppDelegate.swift */ = {isa = PBXFileReference; lastKnownFileType = sourcecode.swift; path = AppDelegate.swift; sourceTree = "<group>"; };
		80DEEB9E20AB96A600A2976B /* ViewController.swift */ = {isa = PBXFileReference; lastKnownFileType = sourcecode.swift; path = ViewController.swift; sourceTree = "<group>"; };
		80DEEBA120AB96A600A2976B /* Base */ = {isa = PBXFileReference; lastKnownFileType = file.storyboard; name = Base; path = Base.lproj/Main.storyboard; sourceTree = "<group>"; };
		80DEEBA320AB96A700A2976B /* Assets.xcassets */ = {isa = PBXFileReference; lastKnownFileType = folder.assetcatalog; path = Assets.xcassets; sourceTree = "<group>"; };
		80DEEBA620AB96A700A2976B /* Base */ = {isa = PBXFileReference; lastKnownFileType = file.storyboard; name = Base; path = Base.lproj/LaunchScreen.storyboard; sourceTree = "<group>"; };
		80DEEBA820AB96A700A2976B /* Info.plist */ = {isa = PBXFileReference; lastKnownFileType = text.plist.xml; path = Info.plist; sourceTree = "<group>"; };
		80DEEBBB20AC1B6B00A2976B /* UIImageViewX.swift */ = {isa = PBXFileReference; fileEncoding = 4; lastKnownFileType = sourcecode.swift; path = UIImageViewX.swift; sourceTree = "<group>"; };
		80DEEBBC20AC1B6B00A2976B /* UIViewX.swift */ = {isa = PBXFileReference; fileEncoding = 4; lastKnownFileType = sourcecode.swift; path = UIViewX.swift; sourceTree = "<group>"; };
		80DEEBC920AC1D2100A2976B /* FlickrPhoto.swift */ = {isa = PBXFileReference; lastKnownFileType = sourcecode.swift; path = FlickrPhoto.swift; sourceTree = "<group>"; };
		80DEEBCB20AC1D5400A2976B /* FlickrSearchResults.swift */ = {isa = PBXFileReference; lastKnownFileType = sourcecode.swift; path = FlickrSearchResults.swift; sourceTree = "<group>"; };
		80DEEBCD20AC1D7500A2976B /* FlickrAPI.swift */ = {isa = PBXFileReference; lastKnownFileType = sourcecode.swift; path = FlickrAPI.swift; sourceTree = "<group>"; };
		80DEEBCF20AC1F7300A2976B /* ResulteVC.swift */ = {isa = PBXFileReference; lastKnownFileType = sourcecode.swift; path = ResulteVC.swift; sourceTree = "<group>"; };
		80DEEBD120AC1FA700A2976B /* ImgCell.swift */ = {isa = PBXFileReference; lastKnownFileType = sourcecode.swift; path = ImgCell.swift; sourceTree = "<group>"; };
		80DEEBD320AC35D400A2976B /* API.swift */ = {isa = PBXFileReference; lastKnownFileType = sourcecode.swift; path = API.swift; sourceTree = "<group>"; };
		80DEEBD520AC577500A2976B /* MessageAlert.swift */ = {isa = PBXFileReference; lastKnownFileType = sourcecode.swift; path = MessageAlert.swift; sourceTree = "<group>"; };
		DA86479923B8B0970AAD2FF5 /* Pods-FlickerSearchAPI.release.xcconfig */ = {isa = PBXFileReference; includeInIndex = 1; lastKnownFileType = text.xcconfig; name = "Pods-FlickerSearchAPI.release.xcconfig"; path = "Pods/Target Support Files/Pods-FlickerSearchAPI/Pods-FlickerSearchAPI.release.xcconfig"; sourceTree = "<group>"; };
/* End PBXFileReference section */

/* Begin PBXFrameworksBuildPhase section */
		80DEEB9620AB96A600A2976B /* Frameworks */ = {
			isa = PBXFrameworksBuildPhase;
			buildActionMask = 2147483647;
			files = (
				02E97B5639453A24C3E7C840 /* Pods_FlickerSearchAPI.framework in Frameworks */,
			);
			runOnlyForDeploymentPostprocessing = 0;
		};
/* End PBXFrameworksBuildPhase section */

/* Begin PBXGroup section */
		0FD658DF1F59BDDEA587FCA4 /* Frameworks */ = {
			isa = PBXGroup;
			children = (
				133B5DBEC4CF4C3A3AF6D755 /* Pods_FlickerSearchAPI.framework */,
			);
			name = Frameworks;
			sourceTree = "<group>";
		};
		298668072724ABFB8351512D /* Pods */ = {
			isa = PBXGroup;
			children = (
				463682B4F66E1664E1C59122 /* Pods-FlickerSearchAPI.debug.xcconfig */,
				DA86479923B8B0970AAD2FF5 /* Pods-FlickerSearchAPI.release.xcconfig */,
			);
			name = Pods;
			sourceTree = "<group>";
		};
		80DEEB9020AB96A600A2976B = {
			isa = PBXGroup;
			children = (
				80DEEBB220AB97A600A2976B /* helper */,
				80DEEBB120AB979700A2976B /* API */,
				80DEEBB020AB979100A2976B /* model */,
				80DEEB9B20AB96A600A2976B /* FlickerSearchAPI */,
				80DEEB9A20AB96A600A2976B /* Products */,
				298668072724ABFB8351512D /* Pods */,
				0FD658DF1F59BDDEA587FCA4 /* Frameworks */,
			);
			sourceTree = "<group>";
		};
		80DEEB9A20AB96A600A2976B /* Products */ = {
			isa = PBXGroup;
			children = (
				80DEEB9920AB96A600A2976B /* FlickerSearchAPI.app */,
			);
			name = Products;
			sourceTree = "<group>";
		};
		80DEEB9B20AB96A600A2976B /* FlickerSearchAPI */ = {
			isa = PBXGroup;
			children = (
				80DEEBB420AC1B6B00A2976B /* DesignableX */,
				80DEEBAE20AB978400A2976B /* View */,
				80DEEBB320AB982300A2976B /* controller */,
				80DEEB9C20AB96A600A2976B /* AppDelegate.swift */,
				80DEEBA320AB96A700A2976B /* Assets.xcassets */,
				80DEEBA820AB96A700A2976B /* Info.plist */,
			);
			path = FlickerSearchAPI;
			sourceTree = "<group>";
		};
		80DEEBAE20AB978400A2976B /* View */ = {
			isa = PBXGroup;
			children = (
				80DEEBA020AB96A600A2976B /* Main.storyboard */,
				80DEEBA520AB96A700A2976B /* LaunchScreen.storyboard */,
			);
			path = View;
			sourceTree = "<group>";
		};
		80DEEBB020AB979100A2976B /* model */ = {
			isa = PBXGroup;
			children = (
				80DEEBC920AC1D2100A2976B /* FlickrPhoto.swift */,
				80DEEBCB20AC1D5400A2976B /* FlickrSearchResults.swift */,
			);
			path = model;
			sourceTree = "<group>";
		};
		80DEEBB120AB979700A2976B /* API */ = {
			isa = PBXGroup;
			children = (
				80DEEBCD20AC1D7500A2976B /* FlickrAPI.swift */,
				80DEEBD320AC35D400A2976B /* API.swift */,
			);
			path = API;
			sourceTree = "<group>";
		};
		80DEEBB220AB97A600A2976B /* helper */ = {
			isa = PBXGroup;
			children = (
				80DEEBD520AC577500A2976B /* MessageAlert.swift */,
			);
			path = helper;
			sourceTree = "<group>";
		};
		80DEEBB320AB982300A2976B /* controller */ = {
			isa = PBXGroup;
			children = (
				80DEEB9E20AB96A600A2976B /* ViewController.swift */,
				80DEEBCF20AC1F7300A2976B /* ResulteVC.swift */,
				80DEEBD120AC1FA700A2976B /* ImgCell.swift */,
			);
			path = controller;
			sourceTree = "<group>";
		};
		80DEEBB420AC1B6B00A2976B /* DesignableX */ = {
			isa = PBXGroup;
			children = (
				80DEEBBB20AC1B6B00A2976B /* UIImageViewX.swift */,
				80DEEBBC20AC1B6B00A2976B /* UIViewX.swift */,
			);
			path = DesignableX;
			sourceTree = "<group>";
		};
/* End PBXGroup section */

/* Begin PBXNativeTarget section */
		80DEEB9820AB96A600A2976B /* FlickerSearchAPI */ = {
			isa = PBXNativeTarget;
			buildConfigurationList = 80DEEBAB20AB96A700A2976B /* Build configuration list for PBXNativeTarget "FlickerSearchAPI" */;
			buildPhases = (
				FE33E0323AD6067D984A9F0D /* [CP] Check Pods Manifest.lock */,
				80DEEB9520AB96A600A2976B /* Sources */,
				80DEEB9620AB96A600A2976B /* Frameworks */,
				80DEEB9720AB96A600A2976B /* Resources */,
				8C3C68D6DD73B331D604C85A /* [CP] Embed Pods Frameworks */,
			);
			buildRules = (
			);
			dependencies = (
			);
			name = FlickerSearchAPI;
			productName = FlickerSearchAPI;
			productReference = 80DEEB9920AB96A600A2976B /* FlickerSearchAPI.app */;
			productType = "com.apple.product-type.application";
		};
/* End PBXNativeTarget section */

/* Begin PBXProject section */
		80DEEB9120AB96A600A2976B /* Project object */ = {
			isa = PBXProject;
			attributes = {
				LastSwiftUpdateCheck = 0930;
				LastUpgradeCheck = 0930;
				ORGANIZATIONNAME = ahmedxiio;
				TargetAttributes = {
					80DEEB9820AB96A600A2976B = {
						CreatedOnToolsVersion = 9.3;
					};
				};
			};
			buildConfigurationList = 80DEEB9420AB96A600A2976B /* Build configuration list for PBXProject "FlickerSearchAPI" */;
			compatibilityVersion = "Xcode 9.3";
			developmentRegion = en;
			hasScannedForEncodings = 0;
			knownRegions = (
				en,
				Base,
			);
			mainGroup = 80DEEB9020AB96A600A2976B;
			productRefGroup = 80DEEB9A20AB96A600A2976B /* Products */;
			projectDirPath = "";
			projectRoot = "";
			targets = (
				80DEEB9820AB96A600A2976B /* FlickerSearchAPI */,
			);
		};
/* End PBXProject section */

/* Begin PBXResourcesBuildPhase section */
		80DEEB9720AB96A600A2976B /* Resources */ = {
			isa = PBXResourcesBuildPhase;
			buildActionMask = 2147483647;
			files = (
				80DEEBA720AB96A700A2976B /* LaunchScreen.storyboard in Resources */,
				80DEEBA420AB96A700A2976B /* Assets.xcassets in Resources */,
				80DEEBA220AB96A600A2976B /* Main.storyboard in Resources */,
			);
			runOnlyForDeploymentPostprocessing = 0;
		};
/* End PBXResourcesBuildPhase section */

/* Begin PBXShellScriptBuildPhase section */
		8C3C68D6DD73B331D604C85A /* [CP] Embed Pods Frameworks */ = {
			isa = PBXShellScriptBuildPhase;
			buildActionMask = 2147483647;
			files = (
			);
			inputPaths = (
				"${SRCROOT}/Pods/Target Support Files/Pods-FlickerSearchAPI/Pods-FlickerSearchAPI-frameworks.sh",
				"${BUILT_PRODUCTS_DIR}/Agrume/Agrume.framework",
				"${BUILT_PRODUCTS_DIR}/Alamofire/Alamofire.framework",
				"${BUILT_PRODUCTS_DIR}/BouncyLayout/BouncyLayout.framework",
				"${BUILT_PRODUCTS_DIR}/NVActivityIndicatorView/NVActivityIndicatorView.framework",
				"${BUILT_PRODUCTS_DIR}/SwiftyJSON/SwiftyJSON.framework",
			);
			name = "[CP] Embed Pods Frameworks";
			outputPaths = (
				"${TARGET_BUILD_DIR}/${FRAMEWORKS_FOLDER_PATH}/Agrume.framework",
				"${TARGET_BUILD_DIR}/${FRAMEWORKS_FOLDER_PATH}/Alamofire.framework",
				"${TARGET_BUILD_DIR}/${FRAMEWORKS_FOLDER_PATH}/BouncyLayout.framework",
				"${TARGET_BUILD_DIR}/${FRAMEWORKS_FOLDER_PATH}/NVActivityIndicatorView.framework",
				"${TARGET_BUILD_DIR}/${FRAMEWORKS_FOLDER_PATH}/SwiftyJSON.framework",
			);
			runOnlyForDeploymentPostprocessing = 0;
			shellPath = /bin/sh;
			shellScript = "\"${SRCROOT}/Pods/Target Support Files/Pods-FlickerSearchAPI/Pods-FlickerSearchAPI-frameworks.sh\"\n";
			showEnvVarsInLog = 0;
		};
		FE33E0323AD6067D984A9F0D /* [CP] Check Pods Manifest.lock */ = {
			isa = PBXShellScriptBuildPhase;
			buildActionMask = 2147483647;
			files = (
			);
			inputPaths = (
				"${PODS_PODFILE_DIR_PATH}/Podfile.lock",
				"${PODS_ROOT}/Manifest.lock",
			);
			name = "[CP] Check Pods Manifest.lock";
			outputPaths = (
				"$(DERIVED_FILE_DIR)/Pods-FlickerSearchAPI-checkManifestLockResult.txt",
			);
			runOnlyForDeploymentPostprocessing = 0;
			shellPath = /bin/sh;
			shellScript = "diff \"${PODS_PODFILE_DIR_PATH}/Podfile.lock\" \"${PODS_ROOT}/Manifest.lock\" > /dev/null\nif [ $? != 0 ] ; then\n    # print error to STDERR\n    echo \"error: The sandbox is not in sync with the Podfile.lock. Run 'pod install' or update your CocoaPods installation.\" >&2\n    exit 1\nfi\n# This output is used by Xcode 'outputs' to avoid re-running this script phase.\necho \"SUCCESS\" > \"${SCRIPT_OUTPUT_FILE_0}\"\n";
			showEnvVarsInLog = 0;
		};
/* End PBXShellScriptBuildPhase section */

/* Begin PBXSourcesBuildPhase section */
		80DEEB9520AB96A600A2976B /* Sources */ = {
			isa = PBXSourcesBuildPhase;
			buildActionMask = 2147483647;
			files = (
				80DEEBC620AC1B6B00A2976B /* UIViewX.swift in Sources */,
				80DEEBCE20AC1D7500A2976B /* FlickrAPI.swift in Sources */,
				80DEEBD220AC1FA700A2976B /* ImgCell.swift in Sources */,
				80DEEBCC20AC1D5400A2976B /* FlickrSearchResults.swift in Sources */,
				80DEEBD420AC35D400A2976B /* API.swift in Sources */,
				80DEEB9F20AB96A600A2976B /* ViewController.swift in Sources */,
				80DEEB9D20AB96A600A2976B /* AppDelegate.swift in Sources */,
				80DEEBCA20AC1D2100A2976B /* FlickrPhoto.swift in Sources */,
				80DEEBC520AC1B6B00A2976B /* UIImageViewX.swift in Sources */,
				80DEEBD620AC577500A2976B /* MessageAlert.swift in Sources */,
				80DEEBD020AC1F7300A2976B /* ResulteVC.swift in Sources */,
			);
			runOnlyForDeploymentPostprocessing = 0;
		};
/* End PBXSourcesBuildPhase section */

/* Begin PBXVariantGroup section */
		80DEEBA020AB96A600A2976B /* Main.storyboard */ = {
			isa = PBXVariantGroup;
			children = (
				80DEEBA120AB96A600A2976B /* Base */,
			);
			name = Main.storyboard;
			sourceTree = "<group>";
		};
		80DEEBA520AB96A700A2976B /* LaunchScreen.storyboard */ = {
			isa = PBXVariantGroup;
			children = (
				80DEEBA620AB96A700A2976B /* Base */,
			);
			name = LaunchScreen.storyboard;
			sourceTree = "<group>";
		};
/* End PBXVariantGroup section */

/* Begin XCBuildConfiguration section */
		80DEEBA920AB96A700A2976B /* Debug */ = {
			isa = XCBuildConfiguration;
			buildSettings = {
				ALWAYS_SEARCH_USER_PATHS = NO;
				CLANG_ANALYZER_NONNULL = YES;
				CLANG_ANALYZER_NUMBER_OBJECT_CONVERSION = YES_AGGRESSIVE;
				CLANG_CXX_LANGUAGE_STANDARD = "gnu++14";
				CLANG_CXX_LIBRARY = "libc++";
				CLANG_ENABLE_MODULES = YES;
				CLANG_ENABLE_OBJC_ARC = YES;
				CLANG_ENABLE_OBJC_WEAK = YES;
				CLANG_WARN_BLOCK_CAPTURE_AUTORELEASING = YES;
				CLANG_WARN_BOOL_CONVERSION = YES;
				CLANG_WARN_COMMA = YES;
				CLANG_WARN_CONSTANT_CONVERSION = YES;
				CLANG_WARN_DEPRECATED_OBJC_IMPLEMENTATIONS = YES;
				CLANG_WARN_DIRECT_OBJC_ISA_USAGE = YES_ERROR;
				CLANG_WARN_DOCUMENTATION_COMMENTS = YES;
				CLANG_WARN_EMPTY_BODY = YES;
				CLANG_WARN_ENUM_CONVERSION = YES;
				CLANG_WARN_INFINITE_RECURSION = YES;
				CLANG_WARN_INT_CONVERSION = YES;
				CLANG_WARN_NON_LITERAL_NULL_CONVERSION = YES;
				CLANG_WARN_OBJC_IMPLICIT_RETAIN_SELF = YES;
				CLANG_WARN_OBJC_LITERAL_CONVERSION = YES;
				CLANG_WARN_OBJC_ROOT_CLASS = YES_ERROR;
				CLANG_WARN_RANGE_LOOP_ANALYSIS = YES;
				CLANG_WARN_STRICT_PROTOTYPES = YES;
				CLANG_WARN_SUSPICIOUS_MOVE = YES;
				CLANG_WARN_UNGUARDED_AVAILABILITY = YES_AGGRESSIVE;
				CLANG_WARN_UNREACHABLE_CODE = YES;
				CLANG_WARN__DUPLICATE_METHOD_MATCH = YES;
				CODE_SIGN_IDENTITY = "iPhone Developer";
				COPY_PHASE_STRIP = NO;
				DEBUG_INFORMATION_FORMAT = dwarf;
				ENABLE_STRICT_OBJC_MSGSEND = YES;
				ENABLE_TESTABILITY = YES;
				GCC_C_LANGUAGE_STANDARD = gnu11;
				GCC_DYNAMIC_NO_PIC = NO;
				GCC_NO_COMMON_BLOCKS = YES;
				GCC_OPTIMIZATION_LEVEL = 0;
				GCC_PREPROCESSOR_DEFINITIONS = (
					"DEBUG=1",
					"$(inherited)",
				);
				GCC_WARN_64_TO_32_BIT_CONVERSION = YES;
				GCC_WARN_ABOUT_RETURN_TYPE = YES_ERROR;
				GCC_WARN_UNDECLARED_SELECTOR = YES;
				GCC_WARN_UNINITIALIZED_AUTOS = YES_AGGRESSIVE;
				GCC_WARN_UNUSED_FUNCTION = YES;
				GCC_WARN_UNUSED_VARIABLE = YES;
				IPHONEOS_DEPLOYMENT_TARGET = 11.3;
				MTL_ENABLE_DEBUG_INFO = YES;
				ONLY_ACTIVE_ARCH = YES;
				SDKROOT = iphoneos;
				SWIFT_ACTIVE_COMPILATION_CONDITIONS = DEBUG;
				SWIFT_OPTIMIZATION_LEVEL = "-Onone";
			};
			name = Debug;
		};
		80DEEBAA20AB96A700A2976B /* Release */ = {
			isa = XCBuildConfiguration;
			buildSettings = {
				ALWAYS_SEARCH_USER_PATHS = NO;
				CLANG_ANALYZER_NONNULL = YES;
				CLANG_ANALYZER_NUMBER_OBJECT_CONVERSION = YES_AGGRESSIVE;
				CLANG_CXX_LANGUAGE_STANDARD = "gnu++14";
				CLANG_CXX_LIBRARY = "libc++";
				CLANG_ENABLE_MODULES = YES;
				CLANG_ENABLE_OBJC_ARC = YES;
				CLANG_ENABLE_OBJC_WEAK = YES;
				CLANG_WARN_BLOCK_CAPTURE_AUTORELEASING = YES;
				CLANG_WARN_BOOL_CONVERSION = YES;
				CLANG_WARN_COMMA = YES;
				CLANG_WARN_CONSTANT_CONVERSION = YES;
				CLANG_WARN_DEPRECATED_OBJC_IMPLEMENTATIONS = YES;
				CLANG_WARN_DIRECT_OBJC_ISA_USAGE = YES_ERROR;
				CLANG_WARN_DOCUMENTATION_COMMENTS = YES;
				CLANG_WARN_EMPTY_BODY = YES;
				CLANG_WARN_ENUM_CONVERSION = YES;
				CLANG_WARN_INFINITE_RECURSION = YES;
				CLANG_WARN_INT_CONVERSION = YES;
				CLANG_WARN_NON_LITERAL_NULL_CONVERSION = YES;
				CLANG_WARN_OBJC_IMPLICIT_RETAIN_SELF = YES;
				CLANG_WARN_OBJC_LITERAL_CONVERSION = YES;
				CLANG_WARN_OBJC_ROOT_CLASS = YES_ERROR;
				CLANG_WARN_RANGE_LOOP_ANALYSIS = YES;
				CLANG_WARN_STRICT_PROTOTYPES = YES;
				CLANG_WARN_SUSPICIOUS_MOVE = YES;
				CLANG_WARN_UNGUARDED_AVAILABILITY = YES_AGGRESSIVE;
				CLANG_WARN_UNREACHABLE_CODE = YES;
				CLANG_WARN__DUPLICATE_METHOD_MATCH = YES;
				CODE_SIGN_IDENTITY = "iPhone Developer";
				COPY_PHASE_STRIP = NO;
				DEBUG_INFORMATION_FORMAT = "dwarf-with-dsym";
				ENABLE_NS_ASSERTIONS = NO;
				ENABLE_STRICT_OBJC_MSGSEND = YES;
				GCC_C_LANGUAGE_STANDARD = gnu11;
				GCC_NO_COMMON_BLOCKS = YES;
				GCC_WARN_64_TO_32_BIT_CONVERSION = YES;
				GCC_WARN_ABOUT_RETURN_TYPE = YES_ERROR;
				GCC_WARN_UNDECLARED_SELECTOR = YES;
				GCC_WARN_UNINITIALIZED_AUTOS = YES_AGGRESSIVE;
				GCC_WARN_UNUSED_FUNCTION = YES;
				GCC_WARN_UNUSED_VARIABLE = YES;
				IPHONEOS_DEPLOYMENT_TARGET = 11.3;
				MTL_ENABLE_DEBUG_INFO = NO;
				SDKROOT = iphoneos;
				SWIFT_COMPILATION_MODE = wholemodule;
				SWIFT_OPTIMIZATION_LEVEL = "-O";
				VALIDATE_PRODUCT = YES;
			};
			name = Release;
		};
		80DEEBAC20AB96A700A2976B /* Debug */ = {
			isa = XCBuildConfiguration;
			baseConfigurationReference = 463682B4F66E1664E1C59122 /* Pods-FlickerSearchAPI.debug.xcconfig */;
			buildSettings = {
				ASSETCATALOG_COMPILER_APPICON_NAME = AppIcon;
				CODE_SIGN_STYLE = Automatic;
				DEVELOPMENT_TEAM = MU6FK3PG77;
				INFOPLIST_FILE = FlickerSearchAPI/Info.plist;
				LD_RUNPATH_SEARCH_PATHS = (
					"$(inherited)",
					"@executable_path/Frameworks",
				);
				PRODUCT_BUNDLE_IDENTIFIER = com.example.FlickerSearchAPI;
				PRODUCT_NAME = "$(TARGET_NAME)";
				SWIFT_VERSION = 4.0;
				TARGETED_DEVICE_FAMILY = "1,2";
			};
			name = Debug;
		};
		80DEEBAD20AB96A700A2976B /* Release */ = {
			isa = XCBuildConfiguration;
			baseConfigurationReference = DA86479923B8B0970AAD2FF5 /* Pods-FlickerSearchAPI.release.xcconfig */;
			buildSettings = {
				ASSETCATALOG_COMPILER_APPICON_NAME = AppIcon;
				CODE_SIGN_STYLE = Automatic;
				DEVELOPMENT_TEAM = MU6FK3PG77;
				INFOPLIST_FILE = FlickerSearchAPI/Info.plist;
				LD_RUNPATH_SEARCH_PATHS = (
					"$(inherited)",
					"@executable_path/Frameworks",
				);
				PRODUCT_BUNDLE_IDENTIFIER = com.example.FlickerSearchAPI;
				PRODUCT_NAME = "$(TARGET_NAME)";
				SWIFT_VERSION = 4.0;
				TARGETED_DEVICE_FAMILY = "1,2";
			};
			name = Release;
		};
/* End XCBuildConfiguration section */

/* Begin XCConfigurationList section */
		80DEEB9420AB96A600A2976B /* Build configuration list for PBXProject "FlickerSearchAPI" */ = {
			isa = XCConfigurationList;
			buildConfigurations = (
				80DEEBA920AB96A700A2976B /* Debug */,
				80DEEBAA20AB96A700A2976B /* Release */,
			);
			defaultConfigurationIsVisible = 0;
			defaultConfigurationName = Release;
		};
		80DEEBAB20AB96A700A2976B /* Build configuration list for PBXNativeTarget "FlickerSearchAPI" */ = {
			isa = XCConfigurationList;
			buildConfigurations = (
				80DEEBAC20AB96A700A2976B /* Debug */,
				80DEEBAD20AB96A700A2976B /* Release */,
			);
			defaultConfigurationIsVisible = 0;
			defaultConfigurationName = Release;
		};
/* End XCConfigurationList section */
	};
	rootObject = 80DEEB9120AB96A600A2976B /* Project object */;
}
